github.com/sajari/word2vec v1.0.0 h1:GLR8k9Z5U5bfJGY/em3bsdY/0+CDNZUgcBpjWlfvikQ=
github.com/sajari/word2vec v1.0.0/go.mod h1:Fi3kT904S98OgHwf8eIZRV9XgZ1gKW0PR5O3TLiKbPA=
github.com/ziutek/blas v0.0.0-20190227122918-da4ca23e90bb h1:uWiILQloLUVdtPYr1ZZo2zqtlpzo4G8vUpglo/Fs2H8=
github.com/ziutek/blas v0.0.0-20190227122918-da4ca23e90bb/go.mod h1:J3xKssoVdrwZ2E29fIox/EKxOZWimS7AZ4fOTCFkOLo=
