[[package]]
category = "main"
description = ""
name = "lief"
optional = false
python-versions = ">=2.7"
version = "0.10.1"

[metadata]
content-hash = "5c1e31fe369e082acd18540383ab4a7797171b8129d619fd1b4025a4fd34f938"
python-versions = "^3.8"

[metadata.files]
lief = [
    {file = "lief-0.10.1-cp35-cp35m-manylinux1_x86_64.whl", hash = "sha256:83b51e01627b5982662f9550ac1230758aa56945ed86829e4291932d98417da3"},
    {file = "lief-0.10.1-cp35-cp35m-win32.whl", hash = "sha256:8a91cee2568306fe1d2bf84341b459c85368317d01d7105fa49e4f4ede837076"},
    {file = "lief-0.10.1-cp35-cp35m-win_amd64.whl", hash = "sha256:cce48d7c97cef85e01e6cfeff55f2068956b5c0257eb9c2d2c6d15e33dd1e4fc"},
    {file = "lief-0.10.1-cp36-cp36m-macosx_10_12_x86_64.whl", hash = "sha256:f8b3f66956c56b582b3adc573bf2a938c25fb21c8894b373a113e24c494fc982"},
    {file = "lief-0.10.1-cp36-cp36m-manylinux1_x86_64.whl", hash = "sha256:3e6baaeb52bdc339b5f19688b58fd8d5778b92e50221f920cedfa2bec1f4d5c2"},
    {file = "lief-0.10.1-cp36-cp36m-win32.whl", hash = "sha256:bddbf333af62310a10cb738a1df1dc2b140dd9c663b55ba3500c10c249d416d2"},
    {file = "lief-0.10.1-cp36-cp36m-win_amd64.whl", hash = "sha256:913b36a67707dc2afa72f117bab9856ea3f434f332b04a002a0f9723c8779320"},
    {file = "lief-0.10.1-cp37-cp37m-macosx_10_13_x86_64.whl", hash = "sha256:bc8488fb0661cb436fe4bb4fe947d0f9aa020e9acaed233ccf01ab04d888c68a"},
    {file = "lief-0.10.1-cp37-cp37m-manylinux1_x86_64.whl", hash = "sha256:895599194ea7495bf304e39317b04df20cccf799fc2751867cc1aa4997cfcdae"},
    {file = "lief-0.10.1-cp37-cp37m-win32.whl", hash = "sha256:6547752b5db105cd41c9fa65d0d7452a4d7541b77ffee716b46246c6d81e172f"},
    {file = "lief-0.10.1-cp37-cp37m-win_amd64.whl", hash = "sha256:45e5c592b57168c447698381d927eb2386ffdd52afe0c48245f848d4cc7ee05a"},
    {file = "lief-0.10.1-cp38-cp38-macosx_10_13_x86_64.whl", hash = "sha256:9f604a361a3b1b3ed5fdafed0321c5956cb3b265b5efe2250d1bf8911a80c65b"},
    {file = "lief-0.10.1-cp38-cp38-manylinux1_x86_64.whl", hash = "sha256:276cc63ec12a21bdf01b8d30962692c17499788234f0765247ca7a35872097ec"},
    {file = "lief-0.10.1.tar.gz", hash = "sha256:a487fe7234c04bccd58223dbb79214421176e2629814c7a4a887764cceb5be7c"},
]
